{
  "name": "galaxy-flythrough",
  "lockfileVersion": 3,
  "requires": true,
  "packages": {
    "": {
      "dependencies": {
        "wgsl_reflect": "^1.6.0"
      }
    },
    "node_modules/wgsl_reflect": {
      "version": "1.6.0",
      "resolved": "https://registry.npmjs.org/wgsl_reflect/-/wgsl_reflect-1.6.0.tgz",
      "integrity": "sha512-p2bJTZXaS4/2L2NlvRIcnI6ZJJSF1kxvH5RYZzGw958Z2PDAw6Cl13cgbE9CWEqWZOFtnlCLXM9ZYdifnJ0FJg==",
      "license": "MIT"
    }
  }
}
